
Microsoft Visual Studio Solution File, Format Version 12.00
# Visual Studio 15
Project("{FAE04EC0-301F-11D3-BF4B-00C04F79EFBC}") = "RealSense", "RealSense.csproj", "{AA20DD9D-7DA5-F2F0-D5FB-5C6D3AA859DB}"
EndProject
Project("{FAE04EC0-301F-11D3-BF4B-00C04F79EFBC}") = "Unity.ML-Agents", "Unity.ML-Agents.csproj", "{F899A6AB-EB04-D7E5-BA54-E9DC126D5EC6}"
EndProject
Project("{FAE04EC0-301F-11D3-BF4B-00C04F79EFBC}") = "Unity.ML-Agents.CommunicatorObjects", "Unity.ML-Agents.CommunicatorObjects.csproj", "{56029140-FF75-6329-CB4D-86F550610B95}"
EndProject
Project("{FAE04EC0-301F-11D3-BF4B-00C04F79EFBC}") = "Utils", "Utils.csproj", "{725A66F0-A6D4-0DBE-9708-A0ACCAD0F2D0}"
EndProject
Project("{FAE04EC0-301F-11D3-BF4B-00C04F79EFBC}") = "Assembly-CSharp", "Assembly-CSharp.csproj", "{CDA1C336-22AD-9513-4A1C-2F660031AFC9}"
EndProject
Project("{FAE04EC0-301F-11D3-BF4B-00C04F79EFBC}") = "Assembly-CSharp-Editor", "Assembly-CSharp-Editor.csproj", "{D22D5742-CD05-BDD9-D64F-E5062DC7689C}"
EndProject
Project("{FAE04EC0-301F-11D3-BF4B-00C04F79EFBC}") = "Unity.ML-Agents.Editor", "Unity.ML-Agents.Editor.csproj", "{2A88B1C2-8FB8-D42F-38C4-9780F8BE2421}"
EndProject
Global
	GlobalSection(SolutionConfigurationPlatforms) = preSolution
		Debug|Any CPU = Debug|Any CPU
		Release|Any CPU = Release|Any CPU
	EndGlobalSection
	GlobalSection(ProjectConfigurationPlatforms) = postSolution
		{AA20DD9D-7DA5-F2F0-D5FB-5C6D3AA859DB}.Debug|Any CPU.ActiveCfg = Debug|Any CPU
		{AA20DD9D-7DA5-F2F0-D5FB-5C6D3AA859DB}.Debug|Any CPU.Build.0 = Debug|Any CPU
		{AA20DD9D-7DA5-F2F0-D5FB-5C6D3AA859DB}.Release|Any CPU.ActiveCfg = Release|Any CPU
		{AA20DD9D-7DA5-F2F0-D5FB-5C6D3AA859DB}.Release|Any CPU.Build.0 = Release|Any CPU
		{F899A6AB-EB04-D7E5-BA54-E9DC126D5EC6}.Debug|Any CPU.ActiveCfg = Debug|Any CPU
		{F899A6AB-EB04-D7E5-BA54-E9DC126D5EC6}.Debug|Any CPU.Build.0 = Debug|Any CPU
		{F899A6AB-EB04-D7E5-BA54-E9DC126D5EC6}.Release|Any CPU.ActiveCfg = Release|Any CPU
		{F899A6AB-EB04-D7E5-BA54-E9DC126D5EC6}.Release|Any CPU.Build.0 = Release|Any CPU
		{56029140-FF75-6329-CB4D-86F550610B95}.Debug|Any CPU.ActiveCfg = Debug|Any CPU
		{56029140-FF75-6329-CB4D-86F550610B95}.Debug|Any CPU.Build.0 = Debug|Any CPU
		{56029140-FF75-6329-CB4D-86F550610B95}.Release|Any CPU.ActiveCfg = Release|Any CPU
		{56029140-FF75-6329-CB4D-86F550610B95}.Release|Any CPU.Build.0 = Release|Any CPU
		{725A66F0-A6D4-0DBE-9708-A0ACCAD0F2D0}.Debug|Any CPU.ActiveCfg = Debug|Any CPU
		{725A66F0-A6D4-0DBE-9708-A0ACCAD0F2D0}.Debug|Any CPU.Build.0 = Debug|Any CPU
		{725A66F0-A6D4-0DBE-9708-A0ACCAD0F2D0}.Release|Any CPU.ActiveCfg = Release|Any CPU
		{725A66F0-A6D4-0DBE-9708-A0ACCAD0F2D0}.Release|Any CPU.Build.0 = Release|Any CPU
		{CDA1C336-22AD-9513-4A1C-2F660031AFC9}.Debug|Any CPU.ActiveCfg = Debug|Any CPU
		{CDA1C336-22AD-9513-4A1C-2F660031AFC9}.Debug|Any CPU.Build.0 = Debug|Any CPU
		{CDA1C336-22AD-9513-4A1C-2F660031AFC9}.Release|Any CPU.ActiveCfg = Release|Any CPU
		{CDA1C336-22AD-9513-4A1C-2F660031AFC9}.Release|Any CPU.Build.0 = Release|Any CPU
		{D22D5742-CD05-BDD9-D64F-E5062DC7689C}.Debug|Any CPU.ActiveCfg = Debug|Any CPU
		{D22D5742-CD05-BDD9-D64F-E5062DC7689C}.Debug|Any CPU.Build.0 = Debug|Any CPU
		{D22D5742-CD05-BDD9-D64F-E5062DC7689C}.Release|Any CPU.ActiveCfg = Release|Any CPU
		{D22D5742-CD05-BDD9-D64F-E5062DC7689C}.Release|Any CPU.Build.0 = Release|Any CPU
		{2A88B1C2-8FB8-D42F-38C4-9780F8BE2421}.Debug|Any CPU.ActiveCfg = Debug|Any CPU
		{2A88B1C2-8FB8-D42F-38C4-9780F8BE2421}.Debug|Any CPU.Build.0 = Debug|Any CPU
		{2A88B1C2-8FB8-D42F-38C4-9780F8BE2421}.Release|Any CPU.ActiveCfg = Release|Any CPU
		{2A88B1C2-8FB8-D42F-38C4-9780F8BE2421}.Release|Any CPU.Build.0 = Release|Any CPU
	EndGlobalSection
	GlobalSection(SolutionProperties) = preSolution
		HideSolutionNode = FALSE
	EndGlobalSection
EndGlobal
